
Microsoft Visual Studio Solution File, Format Version 12.00
# Visual Studio Version 16
VisualStudioVersion = 16.0.31105.61
MinimumVisualStudioVersion = 10.0.40219.1
Project("{FAE04EC0-301F-11D3-BF4B-00C04F79EFBC}") = "vẽ điểm", "vẽ điểm\vẽ điểm.csproj", "{7DB99C4F-4197-444E-8B38-FFC53486FFB0}"
EndProject
Global
	GlobalSection(SolutionConfigurationPlatforms) = preSolution
		Debug|Any CPU = Debug|Any CPU
		Release|Any CPU = Release|Any CPU
	EndGlobalSection
	GlobalSection(ProjectConfigurationPlatforms) = postSolution
		{7DB99C4F-4197-444E-8B38-FFC53486FFB0}.Debug|Any CPU.ActiveCfg = Debug|Any CPU
		{7DB99C4F-4197-444E-8B38-FFC53486FFB0}.Debug|Any CPU.Build.0 = Debug|Any CPU
		{7DB99C4F-4197-444E-8B38-FFC53486FFB0}.Release|Any CPU.ActiveCfg = Release|Any CPU
		{7DB99C4F-4197-444E-8B38-FFC53486FFB0}.Release|Any CPU.Build.0 = Release|Any CPU
	EndGlobalSection
	GlobalSection(SolutionProperties) = preSolution
		HideSolutionNode = FALSE
	EndGlobalSection
	GlobalSection(ExtensibilityGlobals) = postSolution
		SolutionGuid = {230C0FA8-EC5D-4D4B-A441-491D02B3DF09}
	EndGlobalSection
EndGlobal
